
Microsoft Visual Studio Solution File, Format Version 12.00
# Visual Studio Version 18
VisualStudioVersion = 18.4.11620.152 stable
MinimumVisualStudioVersion = 10.0.40219.1
Project("{FAE04EC0-301F-11D3-BF4B-00C04F79EFBC}") = "Azunt.AppointmentTypeManagement", "Azunt.AppointmentTypeManagement\Azunt.AppointmentTypeManagement.csproj", "{6B8923E7-FE29-4A83-92EA-FE2367F64BF4}"
EndProject
Project("{00D1A9C2-B5F0-4AF3-8072-F6C62B433612}") = "Azunt.AppointmentTypeManagement.SqlServer", "Azunt.AppointmentTypeManagement.SqlServer\Azunt.AppointmentTypeManagement.SqlServer.sqlproj", "{496FCDCD-CF52-4FAD-821E-2DC0AE5C0EB6}"
EndProject
Global
	GlobalSection(SolutionConfigurationPlatforms) = preSolution
		Debug|Any CPU = Debug|Any CPU
		Release|Any CPU = Release|Any CPU
	EndGlobalSection
	GlobalSection(ProjectConfigurationPlatforms) = postSolution
		{6B8923E7-FE29-4A83-92EA-FE2367F64BF4}.Debug|Any CPU.ActiveCfg = Debug|Any CPU
		{6B8923E7-FE29-4A83-92EA-FE2367F64BF4}.Debug|Any CPU.Build.0 = Debug|Any CPU
		{6B8923E7-FE29-4A83-92EA-FE2367F64BF4}.Release|Any CPU.ActiveCfg = Release|Any CPU
		{6B8923E7-FE29-4A83-92EA-FE2367F64BF4}.Release|Any CPU.Build.0 = Release|Any CPU
		{496FCDCD-CF52-4FAD-821E-2DC0AE5C0EB6}.Debug|Any CPU.ActiveCfg = Debug|Any CPU
		{496FCDCD-CF52-4FAD-821E-2DC0AE5C0EB6}.Debug|Any CPU.Build.0 = Debug|Any CPU
		{496FCDCD-CF52-4FAD-821E-2DC0AE5C0EB6}.Debug|Any CPU.Deploy.0 = Debug|Any CPU
		{496FCDCD-CF52-4FAD-821E-2DC0AE5C0EB6}.Release|Any CPU.ActiveCfg = Release|Any CPU
		{496FCDCD-CF52-4FAD-821E-2DC0AE5C0EB6}.Release|Any CPU.Build.0 = Release|Any CPU
		{496FCDCD-CF52-4FAD-821E-2DC0AE5C0EB6}.Release|Any CPU.Deploy.0 = Release|Any CPU
	EndGlobalSection
	GlobalSection(SolutionProperties) = preSolution
		HideSolutionNode = FALSE
	EndGlobalSection
	GlobalSection(ExtensibilityGlobals) = postSolution
		SolutionGuid = {D41692FA-5E49-46D7-806C-196B8A81754A}
	EndGlobalSection
EndGlobal
